// !$*UTF8*$!
{
	archiveVersion = 1;
	classes = {
	};
	objectVersion = 55;
	objects = {

/* Begin PBXBuildFile section */
		B6171B13274CF80D00D19351 /* BackgroundConfigurator.swift in Sources */ = {isa = PBXBuildFile; fileRef = B6171B12274CF80D00D19351 /* BackgroundConfigurator.swift */; };
		B6171B17274D4B7500D19351 /* NSNotificationName+.swift in Sources */ = {isa = PBXBuildFile; fileRef = B6171B16274D4B7500D19351 /* NSNotificationName+.swift */; };
		B63BFB33277EA7F0005D8A51 /* FileWriter.swift in Sources */ = {isa = PBXBuildFile; fileRef = B63BFB32277EA7F0005D8A51 /* FileWriter.swift */; };
		B63BFB36277EA909005D8A51 /* FileWriterMetadata.swift in Sources */ = {isa = PBXBuildFile; fileRef = B63BFB35277EA909005D8A51 /* FileWriterMetadata.swift */; };
		B63BFB3F277ED4C8005D8A51 /* DownloadManagerProviderKey.swift in Sources */ = {isa = PBXBuildFile; fileRef = B63BFB3E277ED4C8005D8A51 /* DownloadManagerProviderKey.swift */; };
		B63BFB44277F0883005D8A51 /* DownloadOperator.swift in Sources */ = {isa = PBXBuildFile; fileRef = B63BFB43277F0883005D8A51 /* DownloadOperator.swift */; };
		B63BFB46277F0EB3005D8A51 /* DownloadOperatorProviderKey.swift in Sources */ = {isa = PBXBuildFile; fileRef = B63BFB45277F0EB3005D8A51 /* DownloadOperatorProviderKey.swift */; };
		B63BFB48277F0FC1005D8A51 /* EncryptionOperatorProviderKey.swift in Sources */ = {isa = PBXBuildFile; fileRef = B63BFB47277F0FC1005D8A51 /* EncryptionOperatorProviderKey.swift */; };
		B63BFB4A277F1066005D8A51 /* WriteFileOperatorProviderKey.swift in Sources */ = {isa = PBXBuildFile; fileRef = B63BFB49277F1066005D8A51 /* WriteFileOperatorProviderKey.swift */; };
		B63BFB4C277F10DF005D8A51 /* EncryptionOperator.swift in Sources */ = {isa = PBXBuildFile; fileRef = B63BFB4B277F10DF005D8A51 /* EncryptionOperator.swift */; };
		B63BFB4E277F111F005D8A51 /* WriteFileOperator.swift in Sources */ = {isa = PBXBuildFile; fileRef = B63BFB4D277F111F005D8A51 /* WriteFileOperator.swift */; };
		B63BFB54277F1D18005D8A51 /* DownloadManagerWrapper.swift in Sources */ = {isa = PBXBuildFile; fileRef = B63BFB53277F1D18005D8A51 /* DownloadManagerWrapper.swift */; };
		B63EE324277C0697008C5632 /* EncryptedFileRepositoryTests.swift in Sources */ = {isa = PBXBuildFile; fileRef = B63EE323277C0697008C5632 /* EncryptedFileRepositoryTests.swift */; };
		B641B7FE277A2FE30065217E /* .gitkeep in Resources */ = {isa = PBXBuildFile; fileRef = B641B7FD277A2FE30065217E /* .gitkeep */; };
		B641B800277A31930065217E /* Mock.swift in Sources */ = {isa = PBXBuildFile; fileRef = B641B7FF277A31930065217E /* Mock.swift */; };
		B646FD7F27551A8C0079802D /* EncryptedFileRepository.swift in Sources */ = {isa = PBXBuildFile; fileRef = B646FD7E27551A8C0079802D /* EncryptedFileRepository.swift */; };
		B6507ACE277E085B008F11CA /* AsyncOperation.swift in Sources */ = {isa = PBXBuildFile; fileRef = B6507ACD277E085B008F11CA /* AsyncOperation.swift */; };
		B65A38C32778928F001B7F31 /* Injected.swift in Sources */ = {isa = PBXBuildFile; fileRef = B65A38C22778928F001B7F31 /* Injected.swift */; };
		B65A38C5277892B2001B7F31 /* InjectedValues.swift in Sources */ = {isa = PBXBuildFile; fileRef = B65A38C4277892B2001B7F31 /* InjectedValues.swift */; };
		B65A38C7277892CC001B7F31 /* InjectionKey.swift in Sources */ = {isa = PBXBuildFile; fileRef = B65A38C6277892CC001B7F31 /* InjectionKey.swift */; };
		B65A38CD2778C0B7001B7F31 /* ApplicationContainerProviderKey.swift in Sources */ = {isa = PBXBuildFile; fileRef = B65A38CC2778C0B7001B7F31 /* ApplicationContainerProviderKey.swift */; };
		B65A38D02778CAFE001B7F31 /* RealmDataStoreProviderKey.swift in Sources */ = {isa = PBXBuildFile; fileRef = B65A38CF2778CAFE001B7F31 /* RealmDataStoreProviderKey.swift */; };
		B65B3DF3273FFA300060CF4A /* AppDelegate.swift in Sources */ = {isa = PBXBuildFile; fileRef = B65B3DF2273FFA300060CF4A /* AppDelegate.swift */; };
		B65B3DF5273FFA300060CF4A /* SceneDelegate.swift in Sources */ = {isa = PBXBuildFile; fileRef = B65B3DF4273FFA300060CF4A /* SceneDelegate.swift */; };
		B65B3DF7273FFA300060CF4A /* ViewController.swift in Sources */ = {isa = PBXBuildFile; fileRef = B65B3DF6273FFA300060CF4A /* ViewController.swift */; };
		B65B3DFA273FFA300060CF4A /* Main.storyboard in Resources */ = {isa = PBXBuildFile; fileRef = B65B3DF8273FFA300060CF4A /* Main.storyboard */; };
		B65B3DFC273FFA310060CF4A /* Assets.xcassets in Resources */ = {isa = PBXBuildFile; fileRef = B65B3DFB273FFA310060CF4A /* Assets.xcassets */; };
		B65B3DFF273FFA310060CF4A /* LaunchScreen.storyboard in Resources */ = {isa = PBXBuildFile; fileRef = B65B3DFD273FFA310060CF4A /* LaunchScreen.storyboard */; };
		B65B3E0A273FFA310060CF4A /* CryptoTests.swift in Sources */ = {isa = PBXBuildFile; fileRef = B65B3E09273FFA310060CF4A /* CryptoTests.swift */; };
		B65B3E14273FFA310060CF4A /* CryptoUITests.swift in Sources */ = {isa = PBXBuildFile; fileRef = B65B3E13273FFA310060CF4A /* CryptoUITests.swift */; };
		B65B3E16273FFA310060CF4A /* CryptoUITestsLaunchTests.swift in Sources */ = {isa = PBXBuildFile; fileRef = B65B3E15273FFA310060CF4A /* CryptoUITestsLaunchTests.swift */; };
		B65B3E7A27401EB70060CF4A /* DataSource.docc in Sources */ = {isa = PBXBuildFile; fileRef = B65B3E7927401EB70060CF4A /* DataSource.docc */; };
		B65B3E8027401EB70060CF4A /* DataSource.framework in Frameworks */ = {isa = PBXBuildFile; fileRef = B65B3E7627401EB70060CF4A /* DataSource.framework */; };
		B65B3E8827401EB70060CF4A /* DataSource.h in Headers */ = {isa = PBXBuildFile; fileRef = B65B3E7827401EB70060CF4A /* DataSource.h */; settings = {ATTRIBUTES = (Public, ); }; };
		B65B3E8B27401EB70060CF4A /* DataSource.framework in Frameworks */ = {isa = PBXBuildFile; fileRef = B65B3E7627401EB70060CF4A /* DataSource.framework */; };
		B65B3E8C27401EB70060CF4A /* DataSource.framework in Embed Frameworks */ = {isa = PBXBuildFile; fileRef = B65B3E7627401EB70060CF4A /* DataSource.framework */; settings = {ATTRIBUTES = (CodeSignOnCopy, RemoveHeadersOnCopy, ); }; };
		B65B3E9A27401F190060CF4A /* AES.swift in Sources */ = {isa = PBXBuildFile; fileRef = B65B3E9927401F190060CF4A /* AES.swift */; };
		B65B3E9C274039420060CF4A /* ApplicationContainer.swift in Sources */ = {isa = PBXBuildFile; fileRef = B65B3E9B274039420060CF4A /* ApplicationContainer.swift */; };
		B65B3E9F27403A2C0060CF4A /* Logger.swift in Sources */ = {isa = PBXBuildFile; fileRef = B65B3E9E27403A2C0060CF4A /* Logger.swift */; };
		B66585E427532BCF0019E845 /* RealmDataStore.swift in Sources */ = {isa = PBXBuildFile; fileRef = B66585E327532BCF0019E845 /* RealmDataStore.swift */; };
		B66585F6275335120019E845 /* RealmConfigurator.swift in Sources */ = {isa = PBXBuildFile; fileRef = B66585F5275335120019E845 /* RealmConfigurator.swift */; };
		B66585F927533D8E0019E845 /* ExceptionCatchable.swift in Sources */ = {isa = PBXBuildFile; fileRef = B66585F827533D8E0019E845 /* ExceptionCatchable.swift */; };
		B66585FF27533DD00019E845 /* ExceptionHandler.m in Sources */ = {isa = PBXBuildFile; fileRef = B66585FD27533DD00019E845 /* ExceptionHandler.m */; };
		B6658601275342250019E845 /* ExceptionHandler.h in Headers */ = {isa = PBXBuildFile; fileRef = B66585FC27533DD00019E845 /* ExceptionHandler.h */; settings = {ATTRIBUTES = (Public, ); }; };
		B665860A27534B1C0019E845 /* Realm.xcframework in Frameworks */ = {isa = PBXBuildFile; fileRef = B665860827534B1C0019E845 /* Realm.xcframework */; };
		B665860B27534B1C0019E845 /* Realm.xcframework in Embed Frameworks */ = {isa = PBXBuildFile; fileRef = B665860827534B1C0019E845 /* Realm.xcframework */; settings = {ATTRIBUTES = (CodeSignOnCopy, RemoveHeadersOnCopy, ); }; };
		B665860C27534B1C0019E845 /* RealmSwift.xcframework in Frameworks */ = {isa = PBXBuildFile; fileRef = B665860927534B1C0019E845 /* RealmSwift.xcframework */; };
		B665860D27534B1C0019E845 /* RealmSwift.xcframework in Embed Frameworks */ = {isa = PBXBuildFile; fileRef = B665860927534B1C0019E845 /* RealmSwift.xcframework */; settings = {ATTRIBUTES = (CodeSignOnCopy, RemoveHeadersOnCopy, ); }; };
		B66586102753AE4C0019E845 /* EncryptedFileEntity.swift in Sources */ = {isa = PBXBuildFile; fileRef = B665860F2753AE4C0019E845 /* EncryptedFileEntity.swift */; };
		B6658D9E277CCDB800C79CAE /* Array+.swift in Sources */ = {isa = PBXBuildFile; fileRef = B6658D9D277CCDB800C79CAE /* Array+.swift */; };
		B6658DA1277CD9A700C79CAE /* OperationState.swift in Sources */ = {isa = PBXBuildFile; fileRef = B6658DA0277CD9A700C79CAE /* OperationState.swift */; };
		B6658DA3277CD9C100C79CAE /* BackgroundDownloaderMetadata.swift in Sources */ = {isa = PBXBuildFile; fileRef = B6658DA2277CD9C100C79CAE /* BackgroundDownloaderMetadata.swift */; };
		B6658DA5277CD9F300C79CAE /* EncryptorMetadata.swift in Sources */ = {isa = PBXBuildFile; fileRef = B6658DA4277CD9F300C79CAE /* EncryptorMetadata.swift */; };
		B6658DA7277CDA1200C79CAE /* PendingOperations.swift in Sources */ = {isa = PBXBuildFile; fileRef = B6658DA6277CDA1200C79CAE /* PendingOperations.swift */; };
		B6658DA9277CDA5E00C79CAE /* BackgroundDownloader.swift in Sources */ = {isa = PBXBuildFile; fileRef = B6658DA8277CDA5E00C79CAE /* BackgroundDownloader.swift */; };
		B6658DAB277CDAC900C79CAE /* Encryptor.swift in Sources */ = {isa = PBXBuildFile; fileRef = B6658DAA277CDAC900C79CAE /* Encryptor.swift */; };
		B6658DAD277CDAED00C79CAE /* DownloadManager.swift in Sources */ = {isa = PBXBuildFile; fileRef = B6658DAC277CDAED00C79CAE /* DownloadManager.swift */; };
		B67600732778D27800319833 /* EncryptedFileRepositoryProviderKey.swift in Sources */ = {isa = PBXBuildFile; fileRef = B67600722778D27800319833 /* EncryptedFileRepositoryProviderKey.swift */; };
		B67600772778D3B000319833 /* BackgroundConfiguratorProviderKey.swift in Sources */ = {isa = PBXBuildFile; fileRef = B67600762778D3B000319833 /* BackgroundConfiguratorProviderKey.swift */; };
		B67600792778D5A200319833 /* RealmConfiguratorProviderKey.swift in Sources */ = {isa = PBXBuildFile; fileRef = B67600782778D5A200319833 /* RealmConfiguratorProviderKey.swift */; };
/* End PBXBuildFile section */

/* Begin PBXContainerItemProxy section */
		B65B3E06273FFA310060CF4A /* PBXContainerItemProxy */ = {
			isa = PBXContainerItemProxy;
			containerPortal = B65B3DE7273FFA300060CF4A /* Project object */;
			proxyType = 1;
			remoteGlobalIDString = B65B3DEE273FFA300060CF4A;
			remoteInfo = Crypto;
		};
		B65B3E10273FFA310060CF4A /* PBXContainerItemProxy */ = {
			isa = PBXContainerItemProxy;
			containerPortal = B65B3DE7273FFA300060CF4A /* Project object */;
			proxyType = 1;
			remoteGlobalIDString = B65B3DEE273FFA300060CF4A;
			remoteInfo = Crypto;
		};
		B65B3E8127401EB70060CF4A /* PBXContainerItemProxy */ = {
			isa = PBXContainerItemProxy;
			containerPortal = B65B3DE7273FFA300060CF4A /* Project object */;
			proxyType = 1;
			remoteGlobalIDString = B65B3E7527401EB70060CF4A;
			remoteInfo = DataSource;
		};
		B65B3E8327401EB70060CF4A /* PBXContainerItemProxy */ = {
			isa = PBXContainerItemProxy;
			containerPortal = B65B3DE7273FFA300060CF4A /* Project object */;
			proxyType = 1;
			remoteGlobalIDString = B65B3DEE273FFA300060CF4A;
			remoteInfo = Crypto;
		};
		B65B3E8927401EB70060CF4A /* PBXContainerItemProxy */ = {
			isa = PBXContainerItemProxy;
			containerPortal = B65B3DE7273FFA300060CF4A /* Project object */;
			proxyType = 1;
			remoteGlobalIDString = B65B3E7527401EB70060CF4A;
			remoteInfo = DataSource;
		};
/* End PBXContainerItemProxy section */

/* Begin PBXCopyFilesBuildPhase section */
		B65B3E3E273FFCCF0060CF4A /* Embed Frameworks */ = {
			isa = PBXCopyFilesBuildPhase;
			buildActionMask = 2147483647;
			dstPath = "";
			dstSubfolderSpec = 10;
			files = (
				B65B3E8C27401EB70060CF4A /* DataSource.framework in Embed Frameworks */,
			);
			name = "Embed Frameworks";
			runOnlyForDeploymentPostprocessing = 0;
		};
		B665860E27534B1C0019E845 /* Embed Frameworks */ = {
			isa = PBXCopyFilesBuildPhase;
			buildActionMask = 2147483647;
			dstPath = "";
			dstSubfolderSpec = 10;
			files = (
				B665860B27534B1C0019E845 /* Realm.xcframework in Embed Frameworks */,
				B665860D27534B1C0019E845 /* RealmSwift.xcframework in Embed Frameworks */,
			);
			name = "Embed Frameworks";
			runOnlyForDeploymentPostprocessing = 0;
		};
/* End PBXCopyFilesBuildPhase section */

/* Begin PBXFileReference section */
		B6171B12274CF80D00D19351 /* BackgroundConfigurator.swift */ = {isa = PBXFileReference; lastKnownFileType = sourcecode.swift; path = BackgroundConfigurator.swift; sourceTree = "<group>"; };
		B6171B16274D4B7500D19351 /* NSNotificationName+.swift */ = {isa = PBXFileReference; lastKnownFileType = sourcecode.swift; path = "NSNotificationName+.swift"; sourceTree = "<group>"; };
		B63BFB32277EA7F0005D8A51 /* FileWriter.swift */ = {isa = PBXFileReference; lastKnownFileType = sourcecode.swift; path = FileWriter.swift; sourceTree = "<group>"; };
		B63BFB35277EA909005D8A51 /* FileWriterMetadata.swift */ = {isa = PBXFileReference; lastKnownFileType = sourcecode.swift; path = FileWriterMetadata.swift; sourceTree = "<group>"; };
		B63BFB3E277ED4C8005D8A51 /* DownloadManagerProviderKey.swift */ = {isa = PBXFileReference; lastKnownFileType = sourcecode.swift; path = DownloadManagerProviderKey.swift; sourceTree = "<group>"; };
		B63BFB43277F0883005D8A51 /* DownloadOperator.swift */ = {isa = PBXFileReference; lastKnownFileType = sourcecode.swift; path = DownloadOperator.swift; sourceTree = "<group>"; };
		B63BFB45277F0EB3005D8A51 /* DownloadOperatorProviderKey.swift */ = {isa = PBXFileReference; lastKnownFileType = sourcecode.swift; path = DownloadOperatorProviderKey.swift; sourceTree = "<group>"; };
		B63BFB47277F0FC1005D8A51 /* EncryptionOperatorProviderKey.swift */ = {isa = PBXFileReference; lastKnownFileType = sourcecode.swift; path = EncryptionOperatorProviderKey.swift; sourceTree = "<group>"; };
		B63BFB49277F1066005D8A51 /* WriteFileOperatorProviderKey.swift */ = {isa = PBXFileReference; lastKnownFileType = sourcecode.swift; path = WriteFileOperatorProviderKey.swift; sourceTree = "<group>"; };
		B63BFB4B277F10DF005D8A51 /* EncryptionOperator.swift */ = {isa = PBXFileReference; lastKnownFileType = sourcecode.swift; path = EncryptionOperator.swift; sourceTree = "<group>"; };
		B63BFB4D277F111F005D8A51 /* WriteFileOperator.swift */ = {isa = PBXFileReference; lastKnownFileType = sourcecode.swift; path = WriteFileOperator.swift; sourceTree = "<group>"; };
		B63BFB53277F1D18005D8A51 /* DownloadManagerWrapper.swift */ = {isa = PBXFileReference; lastKnownFileType = sourcecode.swift; path = DownloadManagerWrapper.swift; sourceTree = "<group>"; };
		B63EE323277C0697008C5632 /* EncryptedFileRepositoryTests.swift */ = {isa = PBXFileReference; lastKnownFileType = sourcecode.swift; path = EncryptedFileRepositoryTests.swift; sourceTree = "<group>"; };
		B641B7FD277A2FE30065217E /* .gitkeep */ = {isa = PBXFileReference; lastKnownFileType = text; path = .gitkeep; sourceTree = "<group>"; };
		B641B7FF277A31930065217E /* Mock.swift */ = {isa = PBXFileReference; fileEncoding = 4; lastKnownFileType = sourcecode.swift; path = Mock.swift; sourceTree = "<group>"; };
		B646FD7E27551A8C0079802D /* EncryptedFileRepository.swift */ = {isa = PBXFileReference; lastKnownFileType = sourcecode.swift; path = EncryptedFileRepository.swift; sourceTree = "<group>"; };
		B6507ACD277E085B008F11CA /* AsyncOperation.swift */ = {isa = PBXFileReference; lastKnownFileType = sourcecode.swift; path = AsyncOperation.swift; sourceTree = "<group>"; };
		B65A38C22778928F001B7F31 /* Injected.swift */ = {isa = PBXFileReference; lastKnownFileType = sourcecode.swift; path = Injected.swift; sourceTree = "<group>"; };
		B65A38C4277892B2001B7F31 /* InjectedValues.swift */ = {isa = PBXFileReference; lastKnownFileType = sourcecode.swift; path = InjectedValues.swift; sourceTree = "<group>"; };
		B65A38C6277892CC001B7F31 /* InjectionKey.swift */ = {isa = PBXFileReference; lastKnownFileType = sourcecode.swift; path = InjectionKey.swift; sourceTree = "<group>"; };
		B65A38CC2778C0B7001B7F31 /* ApplicationContainerProviderKey.swift */ = {isa = PBXFileReference; lastKnownFileType = sourcecode.swift; path = ApplicationContainerProviderKey.swift; sourceTree = "<group>"; };
		B65A38CF2778CAFE001B7F31 /* RealmDataStoreProviderKey.swift */ = {isa = PBXFileReference; lastKnownFileType = sourcecode.swift; path = RealmDataStoreProviderKey.swift; sourceTree = "<group>"; };
		B65B3DEF273FFA300060CF4A /* Crypto.app */ = {isa = PBXFileReference; explicitFileType = wrapper.application; includeInIndex = 0; path = Crypto.app; sourceTree = BUILT_PRODUCTS_DIR; };
		B65B3DF2273FFA300060CF4A /* AppDelegate.swift */ = {isa = PBXFileReference; lastKnownFileType = sourcecode.swift; path = AppDelegate.swift; sourceTree = "<group>"; };
		B65B3DF4273FFA300060CF4A /* SceneDelegate.swift */ = {isa = PBXFileReference; lastKnownFileType = sourcecode.swift; path = SceneDelegate.swift; sourceTree = "<group>"; };
		B65B3DF6273FFA300060CF4A /* ViewController.swift */ = {isa = PBXFileReference; lastKnownFileType = sourcecode.swift; path = ViewController.swift; sourceTree = "<group>"; };
		B65B3DF9273FFA300060CF4A /* Base */ = {isa = PBXFileReference; lastKnownFileType = file.storyboard; name = Base; path = Base.lproj/Main.storyboard; sourceTree = "<group>"; };
		B65B3DFB273FFA310060CF4A /* Assets.xcassets */ = {isa = PBXFileReference; lastKnownFileType = folder.assetcatalog; path = Assets.xcassets; sourceTree = "<group>"; };
		B65B3DFE273FFA310060CF4A /* Base */ = {isa = PBXFileReference; lastKnownFileType = file.storyboard; name = Base; path = Base.lproj/LaunchScreen.storyboard; sourceTree = "<group>"; };
		B65B3E00273FFA310060CF4A /* Info.plist */ = {isa = PBXFileReference; lastKnownFileType = text.plist.xml; path = Info.plist; sourceTree = "<group>"; };
		B65B3E05273FFA310060CF4A /* CryptoTests.xctest */ = {isa = PBXFileReference; explicitFileType = wrapper.cfbundle; includeInIndex = 0; path = CryptoTests.xctest; sourceTree = BUILT_PRODUCTS_DIR; };
		B65B3E09273FFA310060CF4A /* CryptoTests.swift */ = {isa = PBXFileReference; lastKnownFileType = sourcecode.swift; path = CryptoTests.swift; sourceTree = "<group>"; };
		B65B3E0F273FFA310060CF4A /* CryptoUITests.xctest */ = {isa = PBXFileReference; explicitFileType = wrapper.cfbundle; includeInIndex = 0; path = CryptoUITests.xctest; sourceTree = BUILT_PRODUCTS_DIR; };
		B65B3E13273FFA310060CF4A /* CryptoUITests.swift */ = {isa = PBXFileReference; lastKnownFileType = sourcecode.swift; path = CryptoUITests.swift; sourceTree = "<group>"; };
		B65B3E15273FFA310060CF4A /* CryptoUITestsLaunchTests.swift */ = {isa = PBXFileReference; lastKnownFileType = sourcecode.swift; path = CryptoUITestsLaunchTests.swift; sourceTree = "<group>"; };
		B65B3E7627401EB70060CF4A /* DataSource.framework */ = {isa = PBXFileReference; explicitFileType = wrapper.framework; includeInIndex = 0; path = DataSource.framework; sourceTree = BUILT_PRODUCTS_DIR; };
		B65B3E7827401EB70060CF4A /* DataSource.h */ = {isa = PBXFileReference; lastKnownFileType = sourcecode.c.h; path = DataSource.h; sourceTree = "<group>"; };
		B65B3E7927401EB70060CF4A /* DataSource.docc */ = {isa = PBXFileReference; lastKnownFileType = folder.documentationcatalog; path = DataSource.docc; sourceTree = "<group>"; };
		B65B3E7F27401EB70060CF4A /* DataSourceTests.xctest */ = {isa = PBXFileReference; explicitFileType = wrapper.cfbundle; includeInIndex = 0; path = DataSourceTests.xctest; sourceTree = BUILT_PRODUCTS_DIR; };
		B65B3E9927401F190060CF4A /* AES.swift */ = {isa = PBXFileReference; lastKnownFileType = sourcecode.swift; path = AES.swift; sourceTree = "<group>"; };
		B65B3E9B274039420060CF4A /* ApplicationContainer.swift */ = {isa = PBXFileReference; lastKnownFileType = sourcecode.swift; path = ApplicationContainer.swift; sourceTree = "<group>"; };
		B65B3E9E27403A2C0060CF4A /* Logger.swift */ = {isa = PBXFileReference; lastKnownFileType = sourcecode.swift; path = Logger.swift; sourceTree = "<group>"; };
		B66585D427532A5E0019E845 /* RealmSwift.framework */ = {isa = PBXFileReference; lastKnownFileType = wrapper.framework; name = RealmSwift.framework; path = Carthage/Build/iOS/RealmSwift.framework; sourceTree = "<group>"; };
		B66585D527532A5E0019E845 /* Realm.framework */ = {isa = PBXFileReference; lastKnownFileType = wrapper.framework; name = Realm.framework; path = Carthage/Build/iOS/Realm.framework; sourceTree = "<group>"; };
		B66585E327532BCF0019E845 /* RealmDataStore.swift */ = {isa = PBXFileReference; lastKnownFileType = sourcecode.swift; path = RealmDataStore.swift; sourceTree = "<group>"; };
		B66585E527532D710019E845 /* Realm.framework */ = {isa = PBXFileReference; lastKnownFileType = wrapper.framework; name = Realm.framework; path = Carthage/Build/iOS/Static/Realm.framework; sourceTree = "<group>"; };
		B66585F5275335120019E845 /* RealmConfigurator.swift */ = {isa = PBXFileReference; lastKnownFileType = sourcecode.swift; path = RealmConfigurator.swift; sourceTree = "<group>"; };
		B66585F827533D8E0019E845 /* ExceptionCatchable.swift */ = {isa = PBXFileReference; lastKnownFileType = sourcecode.swift; path = ExceptionCatchable.swift; sourceTree = "<group>"; };
		B66585FC27533DD00019E845 /* ExceptionHandler.h */ = {isa = PBXFileReference; lastKnownFileType = sourcecode.c.h; path = ExceptionHandler.h; sourceTree = "<group>"; };
		B66585FD27533DD00019E845 /* ExceptionHandler.m */ = {isa = PBXFileReference; lastKnownFileType = sourcecode.c.objc; path = ExceptionHandler.m; sourceTree = "<group>"; };
		B665860827534B1C0019E845 /* Realm.xcframework */ = {isa = PBXFileReference; lastKnownFileType = wrapper.xcframework; name = Realm.xcframework; path = Carthage/Build/Realm.xcframework; sourceTree = "<group>"; };
		B665860927534B1C0019E845 /* RealmSwift.xcframework */ = {isa = PBXFileReference; lastKnownFileType = wrapper.xcframework; name = RealmSwift.xcframework; path = Carthage/Build/RealmSwift.xcframework; sourceTree = "<group>"; };
		B665860F2753AE4C0019E845 /* EncryptedFileEntity.swift */ = {isa = PBXFileReference; lastKnownFileType = sourcecode.swift; path = EncryptedFileEntity.swift; sourceTree = "<group>"; };
		B6658D9D277CCDB800C79CAE /* Array+.swift */ = {isa = PBXFileReference; lastKnownFileType = sourcecode.swift; path = "Array+.swift"; sourceTree = "<group>"; };
		B6658DA0277CD9A700C79CAE /* OperationState.swift */ = {isa = PBXFileReference; lastKnownFileType = sourcecode.swift; path = OperationState.swift; sourceTree = "<group>"; };
		B6658DA2277CD9C100C79CAE /* BackgroundDownloaderMetadata.swift */ = {isa = PBXFileReference; lastKnownFileType = sourcecode.swift; path = BackgroundDownloaderMetadata.swift; sourceTree = "<group>"; };
		B6658DA4277CD9F300C79CAE /* EncryptorMetadata.swift */ = {isa = PBXFileReference; lastKnownFileType = sourcecode.swift; path = EncryptorMetadata.swift; sourceTree = "<group>"; };
		B6658DA6277CDA1200C79CAE /* PendingOperations.swift */ = {isa = PBXFileReference; lastKnownFileType = sourcecode.swift; path = PendingOperations.swift; sourceTree = "<group>"; };
		B6658DA8277CDA5E00C79CAE /* BackgroundDownloader.swift */ = {isa = PBXFileReference; lastKnownFileType = sourcecode.swift; path = BackgroundDownloader.swift; sourceTree = "<group>"; };
		B6658DAA277CDAC900C79CAE /* Encryptor.swift */ = {isa = PBXFileReference; lastKnownFileType = sourcecode.swift; path = Encryptor.swift; sourceTree = "<group>"; };
		B6658DAC277CDAED00C79CAE /* DownloadManager.swift */ = {isa = PBXFileReference; lastKnownFileType = sourcecode.swift; path = DownloadManager.swift; sourceTree = "<group>"; };
		B67600722778D27800319833 /* EncryptedFileRepositoryProviderKey.swift */ = {isa = PBXFileReference; lastKnownFileType = sourcecode.swift; path = EncryptedFileRepositoryProviderKey.swift; sourceTree = "<group>"; };
		B67600762778D3B000319833 /* BackgroundConfiguratorProviderKey.swift */ = {isa = PBXFileReference; lastKnownFileType = sourcecode.swift; path = BackgroundConfiguratorProviderKey.swift; sourceTree = "<group>"; };
		B67600782778D5A200319833 /* RealmConfiguratorProviderKey.swift */ = {isa = PBXFileReference; lastKnownFileType = sourcecode.swift; path = RealmConfiguratorProviderKey.swift; sourceTree = "<group>"; };
/* End PBXFileReference section */

/* Begin PBXFrameworksBuildPhase section */
		B65B3DEC273FFA300060CF4A /* Frameworks */ = {
			isa = PBXFrameworksBuildPhase;
			buildActionMask = 2147483647;
			files = (
				B65B3E8B27401EB70060CF4A /* DataSource.framework in Frameworks */,
			);
			runOnlyForDeploymentPostprocessing = 0;
		};
		B65B3E02273FFA310060CF4A /* Frameworks */ = {
			isa = PBXFrameworksBuildPhase;
			buildActionMask = 2147483647;
			files = (
			);
			runOnlyForDeploymentPostprocessing = 0;
		};
		B65B3E0C273FFA310060CF4A /* Frameworks */ = {
			isa = PBXFrameworksBuildPhase;
			buildActionMask = 2147483647;
			files = (
			);
			runOnlyForDeploymentPostprocessing = 0;
		};
		B65B3E7327401EB70060CF4A /* Frameworks */ = {
			isa = PBXFrameworksBuildPhase;
			buildActionMask = 2147483647;
			files = (
				B665860A27534B1C0019E845 /* Realm.xcframework in Frameworks */,
				B665860C27534B1C0019E845 /* RealmSwift.xcframework in Frameworks */,
			);
			runOnlyForDeploymentPostprocessing = 0;
		};
		B65B3E7C27401EB70060CF4A /* Frameworks */ = {
			isa = PBXFrameworksBuildPhase;
			buildActionMask = 2147483647;
			files = (
				B65B3E8027401EB70060CF4A /* DataSource.framework in Frameworks */,
			);
			runOnlyForDeploymentPostprocessing = 0;
		};
/* End PBXFrameworksBuildPhase section */

/* Begin PBXGroup section */
		B63BFB34277EA800005D8A51 /* AsyncOperation */ = {
			isa = PBXGroup;
			children = (
				B6507ACD277E085B008F11CA /* AsyncOperation.swift */,
			);
			path = AsyncOperation;
			sourceTree = "<group>";
		};
		B63BFB38277ECFB4005D8A51 /* BackgroundDownloader */ = {
			isa = PBXGroup;
			children = (
				B6171B12274CF80D00D19351 /* BackgroundConfigurator.swift */,
				B6658DA8277CDA5E00C79CAE /* BackgroundDownloader.swift */,
			);
			path = BackgroundDownloader;
			sourceTree = "<group>";
		};
		B63BFB39277ECFCB005D8A51 /* Encryptor */ = {
			isa = PBXGroup;
			children = (
				B6658DAA277CDAC900C79CAE /* Encryptor.swift */,
			);
			path = Encryptor;
			sourceTree = "<group>";
		};
		B63BFB3A277ECFD9005D8A51 /* FileWriter */ = {
			isa = PBXGroup;
			children = (
				B63BFB32277EA7F0005D8A51 /* FileWriter.swift */,
			);
			path = FileWriter;
			sourceTree = "<group>";
		};
		B63BFB3B277ED2F9005D8A51 /* Operation */ = {
			isa = PBXGroup;
			children = (
				B63BFB3C277ED302005D8A51 /* BackgroundDownloader */,
			);
			path = Operation;
			sourceTree = "<group>";
		};
		B63BFB3C277ED302005D8A51 /* BackgroundDownloader */ = {
			isa = PBXGroup;
			children = (
				B67600762778D3B000319833 /* BackgroundConfiguratorProviderKey.swift */,
			);
			path = BackgroundDownloader;
			sourceTree = "<group>";
		};
		B63BFB3D277ED4AE005D8A51 /* Manager */ = {
			isa = PBXGroup;
			children = (
				B63BFB3E277ED4C8005D8A51 /* DownloadManagerProviderKey.swift */,
			);
			path = Manager;
			sourceTree = "<group>";
		};
		B63BFB40277EEFD8005D8A51 /* AES */ = {
			isa = PBXGroup;
			children = (
				B65B3E9927401F190060CF4A /* AES.swift */,
			);
			path = AES;
			sourceTree = "<group>";
		};
		B63BFB41277F0629005D8A51 /* Operator */ = {
			isa = PBXGroup;
			children = (
				B63BFB43277F0883005D8A51 /* DownloadOperator.swift */,
				B63BFB4B277F10DF005D8A51 /* EncryptionOperator.swift */,
				B63BFB4D277F111F005D8A51 /* WriteFileOperator.swift */,
			);
			path = Operator;
			sourceTree = "<group>";
		};
		B63BFB42277F07FF005D8A51 /* Operator */ = {
			isa = PBXGroup;
			children = (
				B63BFB45277F0EB3005D8A51 /* DownloadOperatorProviderKey.swift */,
				B63BFB47277F0FC1005D8A51 /* EncryptionOperatorProviderKey.swift */,
				B63BFB49277F1066005D8A51 /* WriteFileOperatorProviderKey.swift */,
			);
			path = Operator;
			sourceTree = "<group>";
		};
		B63BFB4F277F1A88005D8A51 /* BackgroundDownloader */ = {
			isa = PBXGroup;
			children = (
				B6658DA2277CD9C100C79CAE /* BackgroundDownloaderMetadata.swift */,
			);
			path = BackgroundDownloader;
			sourceTree = "<group>";
		};
		B63BFB50277F1A91005D8A51 /* Encryptor */ = {
			isa = PBXGroup;
			children = (
				B6658DA4277CD9F300C79CAE /* EncryptorMetadata.swift */,
			);
			path = Encryptor;
			sourceTree = "<group>";
		};
		B63BFB51277F1AA5005D8A51 /* FileWriter */ = {
			isa = PBXGroup;
			children = (
				B63BFB35277EA909005D8A51 /* FileWriterMetadata.swift */,
			);
			path = FileWriter;
			sourceTree = "<group>";
		};
		B63BFB52277F1D03005D8A51 /* Wrapper */ = {
			isa = PBXGroup;
			children = (
				B63BFB53277F1D18005D8A51 /* DownloadManagerWrapper.swift */,
			);
			path = Wrapper;
			sourceTree = "<group>";
		};
		B641B7F8277A2C320065217E /* Repository */ = {
			isa = PBXGroup;
			children = (
				B63EE323277C0697008C5632 /* EncryptedFileRepositoryTests.swift */,
			);
			path = Repository;
			sourceTree = "<group>";
		};
		B641B7FB277A2FC20065217E /* Mock */ = {
			isa = PBXGroup;
			children = (
				B641B7FC277A2FD00065217E /* Generated */,
			);
			path = Mock;
			sourceTree = "<group>";
		};
		B641B7FC277A2FD00065217E /* Generated */ = {
			isa = PBXGroup;
			children = (
				B641B7FD277A2FE30065217E /* .gitkeep */,
				B641B7FF277A31930065217E /* Mock.swift */,
			);
			path = Generated;
			sourceTree = "<group>";
		};
		B646FD79275514F10079802D /* Repository */ = {
			isa = PBXGroup;
			children = (
				B646FD7E27551A8C0079802D /* EncryptedFileRepository.swift */,
			);
			path = Repository;
			sourceTree = "<group>";
		};
		B65A38C027789266001B7F31 /* PropertyWrapper */ = {
			isa = PBXGroup;
			children = (
				B65A38C12778927A001B7F31 /* Injected */,
			);
			path = PropertyWrapper;
			sourceTree = "<group>";
		};
		B65A38C12778927A001B7F31 /* Injected */ = {
			isa = PBXGroup;
			children = (
				B65A38C22778928F001B7F31 /* Injected.swift */,
				B65A38C4277892B2001B7F31 /* InjectedValues.swift */,
				B65A38C6277892CC001B7F31 /* InjectionKey.swift */,
			);
			path = Injected;
			sourceTree = "<group>";
		};
		B65A38C827789343001B7F31 /* DependencyInjection */ = {
			isa = PBXGroup;
			children = (
				B65A38C92778C087001B7F31 /* DataSource */,
				B676006D2778CF8400319833 /* Repository */,
			);
			path = DependencyInjection;
			sourceTree = "<group>";
		};
		B65A38C92778C087001B7F31 /* DataSource */ = {
			isa = PBXGroup;
			children = (
				B65A38CA2778C090001B7F31 /* Local */,
				B67600742778D38F00319833 /* Remote */,
			);
			path = DataSource;
			sourceTree = "<group>";
		};
		B65A38CA2778C090001B7F31 /* Local */ = {
			isa = PBXGroup;
			children = (
				B65A38CB2778C099001B7F31 /* File */,
				B65A38CE2778CAE7001B7F31 /* Realm */,
			);
			path = Local;
			sourceTree = "<group>";
		};
		B65A38CB2778C099001B7F31 /* File */ = {
			isa = PBXGroup;
			children = (
				B65A38CC2778C0B7001B7F31 /* ApplicationContainerProviderKey.swift */,
			);
			path = File;
			sourceTree = "<group>";
		};
		B65A38CE2778CAE7001B7F31 /* Realm */ = {
			isa = PBXGroup;
			children = (
				B67600782778D5A200319833 /* RealmConfiguratorProviderKey.swift */,
				B65A38CF2778CAFE001B7F31 /* RealmDataStoreProviderKey.swift */,
			);
			path = Realm;
			sourceTree = "<group>";
		};
		B65B3DE6273FFA300060CF4A = {
			isa = PBXGroup;
			children = (
				B65B3DF1273FFA300060CF4A /* Crypto */,
				B65B3E08273FFA310060CF4A /* CryptoTests */,
				B65B3E12273FFA310060CF4A /* CryptoUITests */,
				B65B3E7727401EB70060CF4A /* DataSource */,
				B65B3E8527401EB70060CF4A /* DataSourceTests */,
				B65B3DF0273FFA300060CF4A /* Products */,
				B66585D327532A5E0019E845 /* Frameworks */,
			);
			sourceTree = "<group>";
		};
		B65B3DF0273FFA300060CF4A /* Products */ = {
			isa = PBXGroup;
			children = (
				B65B3DEF273FFA300060CF4A /* Crypto.app */,
				B65B3E05273FFA310060CF4A /* CryptoTests.xctest */,
				B65B3E0F273FFA310060CF4A /* CryptoUITests.xctest */,
				B65B3E7627401EB70060CF4A /* DataSource.framework */,
				B65B3E7F27401EB70060CF4A /* DataSourceTests.xctest */,
			);
			name = Products;
			sourceTree = "<group>";
		};
		B65B3DF1273FFA300060CF4A /* Crypto */ = {
			isa = PBXGroup;
			children = (
				B63BFB52277F1D03005D8A51 /* Wrapper */,
				B65B3DF2273FFA300060CF4A /* AppDelegate.swift */,
				B65B3DF4273FFA300060CF4A /* SceneDelegate.swift */,
				B65B3DF6273FFA300060CF4A /* ViewController.swift */,
				B65B3DF8273FFA300060CF4A /* Main.storyboard */,
				B65B3DFB273FFA310060CF4A /* Assets.xcassets */,
				B65B3DFD273FFA310060CF4A /* LaunchScreen.storyboard */,
				B65B3E00273FFA310060CF4A /* Info.plist */,
			);
			path = Crypto;
			sourceTree = "<group>";
		};
		B65B3E08273FFA310060CF4A /* CryptoTests */ = {
			isa = PBXGroup;
			children = (
				B65B3E09273FFA310060CF4A /* CryptoTests.swift */,
			);
			path = CryptoTests;
			sourceTree = "<group>";
		};
		B65B3E12273FFA310060CF4A /* CryptoUITests */ = {
			isa = PBXGroup;
			children = (
				B65B3E13273FFA310060CF4A /* CryptoUITests.swift */,
				B65B3E15273FFA310060CF4A /* CryptoUITestsLaunchTests.swift */,
			);
			path = CryptoUITests;
			sourceTree = "<group>";
		};
		B65B3E7727401EB70060CF4A /* DataSource */ = {
			isa = PBXGroup;
			children = (
				B65A38C827789343001B7F31 /* DependencyInjection */,
				B65A38C027789266001B7F31 /* PropertyWrapper */,
				B65B3E9327401ECA0060CF4A /* DataSource */,
				B65B3EA2274114760060CF4A /* Entity */,
				B646FD79275514F10079802D /* Repository */,
				B65B3E9627401EF00060CF4A /* Resource */,
				B65B3E9727401F0A0060CF4A /* Utility */,
			);
			path = DataSource;
			sourceTree = "<group>";
		};
		B65B3E8527401EB70060CF4A /* DataSourceTests */ = {
			isa = PBXGroup;
			children = (
				B641B7FB277A2FC20065217E /* Mock */,
				B641B7F8277A2C320065217E /* Repository */,
			);
			path = DataSourceTests;
			sourceTree = "<group>";
		};
		B65B3E9327401ECA0060CF4A /* DataSource */ = {
			isa = PBXGroup;
			children = (
				B65B3E9427401EDC0060CF4A /* Local */,
				B65B3E9527401EE60060CF4A /* Remote */,
			);
			path = DataSource;
			sourceTree = "<group>";
		};
		B65B3E9427401EDC0060CF4A /* Local */ = {
			isa = PBXGroup;
			children = (
				B66586112753D0490019E845 /* File */,
				B66585E227532B590019E845 /* Realm */,
			);
			path = Local;
			sourceTree = "<group>";
		};
		B65B3E9527401EE60060CF4A /* Remote */ = {
			isa = PBXGroup;
			children = (
				B6658D9F277CD99400C79CAE /* DownloadOperator */,
			);
			path = Remote;
			sourceTree = "<group>";
		};
		B65B3E9627401EF00060CF4A /* Resource */ = {
			isa = PBXGroup;
			children = (
				B65B3E7927401EB70060CF4A /* DataSource.docc */,
				B65B3E7827401EB70060CF4A /* DataSource.h */,
			);
			path = Resource;
			sourceTree = "<group>";
		};
		B65B3E9727401F0A0060CF4A /* Utility */ = {
			isa = PBXGroup;
			children = (
				B65B3E9827401F110060CF4A /* DataCipher */,
				B66585F727533D830019E845 /* ExceptionHandler */,
				FC9F7CD227531F7400E88383 /* Extension */,
				B65B3E9D27403A200060CF4A /* Logger */,
			);
			path = Utility;
			sourceTree = "<group>";
		};
		B65B3E9827401F110060CF4A /* DataCipher */ = {
			isa = PBXGroup;
			children = (
				B63BFB40277EEFD8005D8A51 /* AES */,
			);
			path = DataCipher;
			sourceTree = "<group>";
		};
		B65B3E9D27403A200060CF4A /* Logger */ = {
			isa = PBXGroup;
			children = (
				B65B3E9E27403A2C0060CF4A /* Logger.swift */,
			);
			path = Logger;
			sourceTree = "<group>";
		};
		B65B3EA2274114760060CF4A /* Entity */ = {
			isa = PBXGroup;
			children = (
				B65B3EA3274114890060CF4A /* Local */,
			);
			path = Entity;
			sourceTree = "<group>";
		};
		B65B3EA3274114890060CF4A /* Local */ = {
			isa = PBXGroup;
			children = (
				B66585E127532B420019E845 /* Realm */,
			);
			path = Local;
			sourceTree = "<group>";
		};
		B66585D327532A5E0019E845 /* Frameworks */ = {
			isa = PBXGroup;
			children = (
				B665860827534B1C0019E845 /* Realm.xcframework */,
				B665860927534B1C0019E845 /* RealmSwift.xcframework */,
				B66585D527532A5E0019E845 /* Realm.framework */,
				B66585E527532D710019E845 /* Realm.framework */,
				B66585D427532A5E0019E845 /* RealmSwift.framework */,
			);
			name = Frameworks;
			sourceTree = "<group>";
		};
		B66585E127532B420019E845 /* Realm */ = {
			isa = PBXGroup;
			children = (
				B665860F2753AE4C0019E845 /* EncryptedFileEntity.swift */,
			);
			path = Realm;
			sourceTree = "<group>";
		};
		B66585E227532B590019E845 /* Realm */ = {
			isa = PBXGroup;
			children = (
				B66585F5275335120019E845 /* RealmConfigurator.swift */,
				B66585E327532BCF0019E845 /* RealmDataStore.swift */,
			);
			path = Realm;
			sourceTree = "<group>";
		};
		B66585F727533D830019E845 /* ExceptionHandler */ = {
			isa = PBXGroup;
			children = (
				B66585F827533D8E0019E845 /* ExceptionCatchable.swift */,
				B66585FC27533DD00019E845 /* ExceptionHandler.h */,
				B66585FD27533DD00019E845 /* ExceptionHandler.m */,
			);
			path = ExceptionHandler;
			sourceTree = "<group>";
		};
		B66586112753D0490019E845 /* File */ = {
			isa = PBXGroup;
			children = (
				B65B3E9B274039420060CF4A /* ApplicationContainer.swift */,
			);
			path = File;
			sourceTree = "<group>";
		};
		B6658D9F277CD99400C79CAE /* DownloadOperator */ = {
			isa = PBXGroup;
			children = (
				B6658DAE277CDB6400C79CAE /* Manager */,
				B6658DAF277CDB7100C79CAE /* Operation */,
				B6658DB0277CDB8400C79CAE /* OperationMetadata */,
				B6658DB1277CDCD400C79CAE /* OperationState */,
				B63BFB41277F0629005D8A51 /* Operator */,
			);
			path = DownloadOperator;
			sourceTree = "<group>";
		};
		B6658DAE277CDB6400C79CAE /* Manager */ = {
			isa = PBXGroup;
			children = (
				B6658DAC277CDAED00C79CAE /* DownloadManager.swift */,
				B6658DA6277CDA1200C79CAE /* PendingOperations.swift */,
			);
			path = Manager;
			sourceTree = "<group>";
		};
		B6658DAF277CDB7100C79CAE /* Operation */ = {
			isa = PBXGroup;
			children = (
				B63BFB34277EA800005D8A51 /* AsyncOperation */,
				B63BFB38277ECFB4005D8A51 /* BackgroundDownloader */,
				B63BFB39277ECFCB005D8A51 /* Encryptor */,
				B63BFB3A277ECFD9005D8A51 /* FileWriter */,
			);
			path = Operation;
			sourceTree = "<group>";
		};
		B6658DB0277CDB8400C79CAE /* OperationMetadata */ = {
			isa = PBXGroup;
			children = (
				B63BFB4F277F1A88005D8A51 /* BackgroundDownloader */,
				B63BFB50277F1A91005D8A51 /* Encryptor */,
				B63BFB51277F1AA5005D8A51 /* FileWriter */,
			);
			path = OperationMetadata;
			sourceTree = "<group>";
		};
		B6658DB1277CDCD400C79CAE /* OperationState */ = {
			isa = PBXGroup;
			children = (
				B6658DA0277CD9A700C79CAE /* OperationState.swift */,
			);
			path = OperationState;
			sourceTree = "<group>";
		};
		B676006D2778CF8400319833 /* Repository */ = {
			isa = PBXGroup;
			children = (
				B67600722778D27800319833 /* EncryptedFileRepositoryProviderKey.swift */,
			);
			path = Repository;
			sourceTree = "<group>";
		};
		B67600742778D38F00319833 /* Remote */ = {
			isa = PBXGroup;
			children = (
				B67600752778D39B00319833 /* DownloadOperator */,
			);
			path = Remote;
			sourceTree = "<group>";
		};
		B67600752778D39B00319833 /* DownloadOperator */ = {
			isa = PBXGroup;
			children = (
				B63BFB3D277ED4AE005D8A51 /* Manager */,
				B63BFB3B277ED2F9005D8A51 /* Operation */,
				B63BFB42277F07FF005D8A51 /* Operator */,
			);
			path = DownloadOperator;
			sourceTree = "<group>";
		};
		FC9F7CD227531F7400E88383 /* Extension */ = {
			isa = PBXGroup;
			children = (
				B6658D9D277CCDB800C79CAE /* Array+.swift */,
				B6171B16274D4B7500D19351 /* NSNotificationName+.swift */,
			);
			path = Extension;
			sourceTree = "<group>";
		};
/* End PBXGroup section */

/* Begin PBXHeadersBuildPhase section */
		B65B3E7127401EB70060CF4A /* Headers */ = {
			isa = PBXHeadersBuildPhase;
			buildActionMask = 2147483647;
			files = (
				B65B3E8827401EB70060CF4A /* DataSource.h in Headers */,
				B6658601275342250019E845 /* ExceptionHandler.h in Headers */,
			);
			runOnlyForDeploymentPostprocessing = 0;
		};
/* End PBXHeadersBuildPhase section */

/* Begin PBXNativeTarget section */
		B65B3DEE273FFA300060CF4A /* Crypto */ = {
			isa = PBXNativeTarget;
			buildConfigurationList = B65B3E19273FFA310060CF4A /* Build configuration list for PBXNativeTarget "Crypto" */;
			buildPhases = (
				B65B3DEB273FFA300060CF4A /* Sources */,
				B65B3DEC273FFA300060CF4A /* Frameworks */,
				B65B3DED273FFA300060CF4A /* Resources */,
				B65B3E3E273FFCCF0060CF4A /* Embed Frameworks */,
			);
			buildRules = (
			);
			dependencies = (
				B65B3E8A27401EB70060CF4A /* PBXTargetDependency */,
			);
			name = Crypto;
			productName = Crypto;
			productReference = B65B3DEF273FFA300060CF4A /* Crypto.app */;
			productType = "com.apple.product-type.application";
		};
		B65B3E04273FFA310060CF4A /* CryptoTests */ = {
			isa = PBXNativeTarget;
			buildConfigurationList = B65B3E1C273FFA310060CF4A /* Build configuration list for PBXNativeTarget "CryptoTests" */;
			buildPhases = (
				B65B3E01273FFA310060CF4A /* Sources */,
				B65B3E02273FFA310060CF4A /* Frameworks */,
				B65B3E03273FFA310060CF4A /* Resources */,
			);
			buildRules = (
			);
			dependencies = (
				B65B3E07273FFA310060CF4A /* PBXTargetDependency */,
			);
			name = CryptoTests;
			productName = CryptoTests;
			productReference = B65B3E05273FFA310060CF4A /* CryptoTests.xctest */;
			productType = "com.apple.product-type.bundle.unit-test";
		};
		B65B3E0E273FFA310060CF4A /* CryptoUITests */ = {
			isa = PBXNativeTarget;
			buildConfigurationList = B65B3E1F273FFA310060CF4A /* Build configuration list for PBXNativeTarget "CryptoUITests" */;
			buildPhases = (
				B65B3E0B273FFA310060CF4A /* Sources */,
				B65B3E0C273FFA310060CF4A /* Frameworks */,
				B65B3E0D273FFA310060CF4A /* Resources */,
			);
			buildRules = (
			);
			dependencies = (
				B65B3E11273FFA310060CF4A /* PBXTargetDependency */,
			);
			name = CryptoUITests;
			productName = CryptoUITests;
			productReference = B65B3E0F273FFA310060CF4A /* CryptoUITests.xctest */;
			productType = "com.apple.product-type.bundle.ui-testing";
		};
		B65B3E7527401EB70060CF4A /* DataSource */ = {
			isa = PBXNativeTarget;
			buildConfigurationList = B65B3E8D27401EB70060CF4A /* Build configuration list for PBXNativeTarget "DataSource" */;
			buildPhases = (
				B65B3E7127401EB70060CF4A /* Headers */,
				B65B3E7227401EB70060CF4A /* Sources */,
				B65B3E7327401EB70060CF4A /* Frameworks */,
				B65B3E7427401EB70060CF4A /* Resources */,
				B665860E27534B1C0019E845 /* Embed Frameworks */,
			);
			buildRules = (
			);
			dependencies = (
			);
			name = DataSource;
			productName = DataSource;
			productReference = B65B3E7627401EB70060CF4A /* DataSource.framework */;
			productType = "com.apple.product-type.framework";
		};
		B65B3E7E27401EB70060CF4A /* DataSourceTests */ = {
			isa = PBXNativeTarget;
			buildConfigurationList = B65B3E9027401EB70060CF4A /* Build configuration list for PBXNativeTarget "DataSourceTests" */;
			buildPhases = (
				B65B3E7B27401EB70060CF4A /* Sources */,
				B65B3E7C27401EB70060CF4A /* Frameworks */,
				B65B3E7D27401EB70060CF4A /* Resources */,
			);
			buildRules = (
			);
			dependencies = (
				B65B3E8227401EB70060CF4A /* PBXTargetDependency */,
				B65B3E8427401EB70060CF4A /* PBXTargetDependency */,
			);
			name = DataSourceTests;
			productName = DataSourceTests;
			productReference = B65B3E7F27401EB70060CF4A /* DataSourceTests.xctest */;
			productType = "com.apple.product-type.bundle.unit-test";
		};
/* End PBXNativeTarget section */

/* Begin PBXProject section */
		B65B3DE7273FFA300060CF4A /* Project object */ = {
			isa = PBXProject;
			attributes = {
				BuildIndependentTargetsInParallel = 1;
				LastSwiftUpdateCheck = 1300;
				LastUpgradeCheck = 1300;
				TargetAttributes = {
					B65B3DEE273FFA300060CF4A = {
						CreatedOnToolsVersion = 13.0;
					};
					B65B3E04273FFA310060CF4A = {
						CreatedOnToolsVersion = 13.0;
						TestTargetID = B65B3DEE273FFA300060CF4A;
					};
					B65B3E0E273FFA310060CF4A = {
						CreatedOnToolsVersion = 13.0;
						TestTargetID = B65B3DEE273FFA300060CF4A;
					};
					B65B3E7527401EB70060CF4A = {
						CreatedOnToolsVersion = 13.0;
						LastSwiftMigration = 1300;
					};
					B65B3E7E27401EB70060CF4A = {
						CreatedOnToolsVersion = 13.0;
					};
				};
			};
			buildConfigurationList = B65B3DEA273FFA300060CF4A /* Build configuration list for PBXProject "Crypto" */;
			compatibilityVersion = "Xcode 13.0";
			developmentRegion = en;
			hasScannedForEncodings = 0;
			knownRegions = (
				en,
				Base,
			);
			mainGroup = B65B3DE6273FFA300060CF4A;
			productRefGroup = B65B3DF0273FFA300060CF4A /* Products */;
			projectDirPath = "";
			projectRoot = "";
			targets = (
				B65B3DEE273FFA300060CF4A /* Crypto */,
				B65B3E04273FFA310060CF4A /* CryptoTests */,
				B65B3E0E273FFA310060CF4A /* CryptoUITests */,
				B65B3E7527401EB70060CF4A /* DataSource */,
				B65B3E7E27401EB70060CF4A /* DataSourceTests */,
			);
		};
/* End PBXProject section */

/* Begin PBXResourcesBuildPhase section */
		B65B3DED273FFA300060CF4A /* Resources */ = {
			isa = PBXResourcesBuildPhase;
			buildActionMask = 2147483647;
			files = (
				B65B3DFF273FFA310060CF4A /* LaunchScreen.storyboard in Resources */,
				B65B3DFC273FFA310060CF4A /* Assets.xcassets in Resources */,
				B65B3DFA273FFA300060CF4A /* Main.storyboard in Resources */,
			);
			runOnlyForDeploymentPostprocessing = 0;
		};
		B65B3E03273FFA310060CF4A /* Resources */ = {
			isa = PBXResourcesBuildPhase;
			buildActionMask = 2147483647;
			files = (
			);
			runOnlyForDeploymentPostprocessing = 0;
		};
		B65B3E0D273FFA310060CF4A /* Resources */ = {
			isa = PBXResourcesBuildPhase;
			buildActionMask = 2147483647;
			files = (
			);
			runOnlyForDeploymentPostprocessing = 0;
		};
		B65B3E7427401EB70060CF4A /* Resources */ = {
			isa = PBXResourcesBuildPhase;
			buildActionMask = 2147483647;
			files = (
			);
			runOnlyForDeploymentPostprocessing = 0;
		};
		B65B3E7D27401EB70060CF4A /* Resources */ = {
			isa = PBXResourcesBuildPhase;
			buildActionMask = 2147483647;
			files = (
				B641B7FE277A2FE30065217E /* .gitkeep in Resources */,
			);
			runOnlyForDeploymentPostprocessing = 0;
		};
/* End PBXResourcesBuildPhase section */

/* Begin PBXSourcesBuildPhase section */
		B65B3DEB273FFA300060CF4A /* Sources */ = {
			isa = PBXSourcesBuildPhase;
			buildActionMask = 2147483647;
			files = (
				B65B3DF7273FFA300060CF4A /* ViewController.swift in Sources */,
				B65B3DF3273FFA300060CF4A /* AppDelegate.swift in Sources */,
				B65B3DF5273FFA300060CF4A /* SceneDelegate.swift in Sources */,
				B63BFB54277F1D18005D8A51 /* DownloadManagerWrapper.swift in Sources */,
			);
			runOnlyForDeploymentPostprocessing = 0;
		};
		B65B3E01273FFA310060CF4A /* Sources */ = {
			isa = PBXSourcesBuildPhase;
			buildActionMask = 2147483647;
			files = (
				B65B3E0A273FFA310060CF4A /* CryptoTests.swift in Sources */,
			);
			runOnlyForDeploymentPostprocessing = 0;
		};
		B65B3E0B273FFA310060CF4A /* Sources */ = {
			isa = PBXSourcesBuildPhase;
			buildActionMask = 2147483647;
			files = (
				B65B3E14273FFA310060CF4A /* CryptoUITests.swift in Sources */,
				B65B3E16273FFA310060CF4A /* CryptoUITestsLaunchTests.swift in Sources */,
			);
			runOnlyForDeploymentPostprocessing = 0;
		};
		B65B3E7227401EB70060CF4A /* Sources */ = {
			isa = PBXSourcesBuildPhase;
			buildActionMask = 2147483647;
			files = (
				B6658DA3277CD9C100C79CAE /* BackgroundDownloaderMetadata.swift in Sources */,
				B6658DA7277CDA1200C79CAE /* PendingOperations.swift in Sources */,
				B6658DAB277CDAC900C79CAE /* Encryptor.swift in Sources */,
				B65A38C7277892CC001B7F31 /* InjectionKey.swift in Sources */,
				B63BFB46277F0EB3005D8A51 /* DownloadOperatorProviderKey.swift in Sources */,
				B6658D9E277CCDB800C79CAE /* Array+.swift in Sources */,
				B65A38C32778928F001B7F31 /* Injected.swift in Sources */,
				B65B3E9A27401F190060CF4A /* AES.swift in Sources */,
				B63BFB4A277F1066005D8A51 /* WriteFileOperatorProviderKey.swift in Sources */,
				B6658DA9277CDA5E00C79CAE /* BackgroundDownloader.swift in Sources */,
				B67600792778D5A200319833 /* RealmConfiguratorProviderKey.swift in Sources */,
				B63BFB33277EA7F0005D8A51 /* FileWriter.swift in Sources */,
				B63BFB36277EA909005D8A51 /* FileWriterMetadata.swift in Sources */,
				B6658DAD277CDAED00C79CAE /* DownloadManager.swift in Sources */,
				B67600732778D27800319833 /* EncryptedFileRepositoryProviderKey.swift in Sources */,
				B6658DA5277CD9F300C79CAE /* EncryptorMetadata.swift in Sources */,
				B67600772778D3B000319833 /* BackgroundConfiguratorProviderKey.swift in Sources */,
				B65A38D02778CAFE001B7F31 /* RealmDataStoreProviderKey.swift in Sources */,
				B66585FF27533DD00019E845 /* ExceptionHandler.m in Sources */,
				B63BFB44277F0883005D8A51 /* DownloadOperator.swift in Sources */,
				B65B3E7A27401EB70060CF4A /* DataSource.docc in Sources */,
				B63BFB3F277ED4C8005D8A51 /* DownloadManagerProviderKey.swift in Sources */,
				B646FD7F27551A8C0079802D /* EncryptedFileRepository.swift in Sources */,
				B66585F927533D8E0019E845 /* ExceptionCatchable.swift in Sources */,
				B66585F6275335120019E845 /* RealmConfigurator.swift in Sources */,
				B65B3E9C274039420060CF4A /* ApplicationContainer.swift in Sources */,
				B66585E427532BCF0019E845 /* RealmDataStore.swift in Sources */,
				B65A38C5277892B2001B7F31 /* InjectedValues.swift in Sources */,
				B65A38CD2778C0B7001B7F31 /* ApplicationContainerProviderKey.swift in Sources */,
				B66586102753AE4C0019E845 /* EncryptedFileEntity.swift in Sources */,
				B6171B13274CF80D00D19351 /* BackgroundConfigurator.swift in Sources */,
				B6171B17274D4B7500D19351 /* NSNotificationName+.swift in Sources */,
				B65B3E9F27403A2C0060CF4A /* Logger.swift in Sources */,
				B63BFB4C277F10DF005D8A51 /* EncryptionOperator.swift in Sources */,
				B63BFB48277F0FC1005D8A51 /* EncryptionOperatorProviderKey.swift in Sources */,
				B6507ACE277E085B008F11CA /* AsyncOperation.swift in Sources */,
				B6658DA1277CD9A700C79CAE /* OperationState.swift in Sources */,
				B63BFB4E277F111F005D8A51 /* WriteFileOperator.swift in Sources */,
			);
			runOnlyForDeploymentPostprocessing = 0;
		};
		B65B3E7B27401EB70060CF4A /* Sources */ = {
			isa = PBXSourcesBuildPhase;
			buildActionMask = 2147483647;
			files = (
				B63EE324277C0697008C5632 /* EncryptedFileRepositoryTests.swift in Sources */,
				B641B800277A31930065217E /* Mock.swift in Sources */,
			);
			runOnlyForDeploymentPostprocessing = 0;
		};
/* End PBXSourcesBuildPhase section */

/* Begin PBXTargetDependency section */
		B65B3E07273FFA310060CF4A /* PBXTargetDependency */ = {
			isa = PBXTargetDependency;
			target = B65B3DEE273FFA300060CF4A /* Crypto */;
			targetProxy = B65B3E06273FFA310060CF4A /* PBXContainerItemProxy */;
		};
		B65B3E11273FFA310060CF4A /* PBXTargetDependency */ = {
			isa = PBXTargetDependency;
			target = B65B3DEE273FFA300060CF4A /* Crypto */;
			targetProxy = B65B3E10273FFA310060CF4A /* PBXContainerItemProxy */;
		};
		B65B3E8227401EB70060CF4A /* PBXTargetDependency */ = {
			isa = PBXTargetDependency;
			target = B65B3E7527401EB70060CF4A /* DataSource */;
			targetProxy = B65B3E8127401EB70060CF4A /* PBXContainerItemProxy */;
		};
		B65B3E8427401EB70060CF4A /* PBXTargetDependency */ = {
			isa = PBXTargetDependency;
			target = B65B3DEE273FFA300060CF4A /* Crypto */;
			targetProxy = B65B3E8327401EB70060CF4A /* PBXContainerItemProxy */;
		};
		B65B3E8A27401EB70060CF4A /* PBXTargetDependency */ = {
			isa = PBXTargetDependency;
			target = B65B3E7527401EB70060CF4A /* DataSource */;
			targetProxy = B65B3E8927401EB70060CF4A /* PBXContainerItemProxy */;
		};
/* End PBXTargetDependency section */

/* Begin PBXVariantGroup section */
		B65B3DF8273FFA300060CF4A /* Main.storyboard */ = {
			isa = PBXVariantGroup;
			children = (
				B65B3DF9273FFA300060CF4A /* Base */,
			);
			name = Main.storyboard;
			sourceTree = "<group>";
		};
		B65B3DFD273FFA310060CF4A /* LaunchScreen.storyboard */ = {
			isa = PBXVariantGroup;
			children = (
				B65B3DFE273FFA310060CF4A /* Base */,
			);
			name = LaunchScreen.storyboard;
			sourceTree = "<group>";
		};
/* End PBXVariantGroup section */

/* Begin XCBuildConfiguration section */
		B65B3E17273FFA310060CF4A /* Debug */ = {
			isa = XCBuildConfiguration;
			buildSettings = {
				ALWAYS_SEARCH_USER_PATHS = NO;
				CLANG_ANALYZER_NONNULL = YES;
				CLANG_ANALYZER_NUMBER_OBJECT_CONVERSION = YES_AGGRESSIVE;
				CLANG_CXX_LANGUAGE_STANDARD = "gnu++17";
				CLANG_CXX_LIBRARY = "libc++";
				CLANG_ENABLE_MODULES = YES;
				CLANG_ENABLE_OBJC_ARC = YES;
				CLANG_ENABLE_OBJC_WEAK = YES;
				CLANG_WARN_BLOCK_CAPTURE_AUTORELEASING = YES;
				CLANG_WARN_BOOL_CONVERSION = YES;
				CLANG_WARN_COMMA = YES;
				CLANG_WARN_CONSTANT_CONVERSION = YES;
				CLANG_WARN_DEPRECATED_OBJC_IMPLEMENTATIONS = YES;
				CLANG_WARN_DIRECT_OBJC_ISA_USAGE = YES_ERROR;
				CLANG_WARN_DOCUMENTATION_COMMENTS = YES;
				CLANG_WARN_EMPTY_BODY = YES;
				CLANG_WARN_ENUM_CONVERSION = YES;
				CLANG_WARN_INFINITE_RECURSION = YES;
				CLANG_WARN_INT_CONVERSION = YES;
				CLANG_WARN_NON_LITERAL_NULL_CONVERSION = YES;
				CLANG_WARN_OBJC_IMPLICIT_RETAIN_SELF = YES;
				CLANG_WARN_OBJC_LITERAL_CONVERSION = YES;
				CLANG_WARN_OBJC_ROOT_CLASS = YES_ERROR;
				CLANG_WARN_QUOTED_INCLUDE_IN_FRAMEWORK_HEADER = YES;
				CLANG_WARN_RANGE_LOOP_ANALYSIS = YES;
				CLANG_WARN_STRICT_PROTOTYPES = YES;
				CLANG_WARN_SUSPICIOUS_MOVE = YES;
				CLANG_WARN_UNGUARDED_AVAILABILITY = YES_AGGRESSIVE;
				CLANG_WARN_UNREACHABLE_CODE = YES;
				CLANG_WARN__DUPLICATE_METHOD_MATCH = YES;
				COPY_PHASE_STRIP = NO;
				DEBUG_INFORMATION_FORMAT = dwarf;
				ENABLE_STRICT_OBJC_MSGSEND = YES;
				ENABLE_TESTABILITY = YES;
				GCC_C_LANGUAGE_STANDARD = gnu11;
				GCC_DYNAMIC_NO_PIC = NO;
				GCC_NO_COMMON_BLOCKS = YES;
				GCC_OPTIMIZATION_LEVEL = 0;
				GCC_PREPROCESSOR_DEFINITIONS = (
					"DEBUG=1",
					"$(inherited)",
				);
				GCC_WARN_64_TO_32_BIT_CONVERSION = YES;
				GCC_WARN_ABOUT_RETURN_TYPE = YES_ERROR;
				GCC_WARN_UNDECLARED_SELECTOR = YES;
				GCC_WARN_UNINITIALIZED_AUTOS = YES_AGGRESSIVE;
				GCC_WARN_UNUSED_FUNCTION = YES;
				GCC_WARN_UNUSED_VARIABLE = YES;
				IPHONEOS_DEPLOYMENT_TARGET = 12.0;
				MTL_ENABLE_DEBUG_INFO = INCLUDE_SOURCE;
				MTL_FAST_MATH = YES;
				ONLY_ACTIVE_ARCH = YES;
				SDKROOT = iphoneos;
				SWIFT_ACTIVE_COMPILATION_CONDITIONS = DEBUG;
				SWIFT_OPTIMIZATION_LEVEL = "-Onone";
			};
			name = Debug;
		};
		B65B3E18273FFA310060CF4A /* Release */ = {
			isa = XCBuildConfiguration;
			buildSettings = {
				ALWAYS_SEARCH_USER_PATHS = NO;
				CLANG_ANALYZER_NONNULL = YES;
				CLANG_ANALYZER_NUMBER_OBJECT_CONVERSION = YES_AGGRESSIVE;
				CLANG_CXX_LANGUAGE_STANDARD = "gnu++17";
				CLANG_CXX_LIBRARY = "libc++";
				CLANG_ENABLE_MODULES = YES;
				CLANG_ENABLE_OBJC_ARC = YES;
				CLANG_ENABLE_OBJC_WEAK = YES;
				CLANG_WARN_BLOCK_CAPTURE_AUTORELEASING = YES;
				CLANG_WARN_BOOL_CONVERSION = YES;
				CLANG_WARN_COMMA = YES;
				CLANG_WARN_CONSTANT_CONVERSION = YES;
				CLANG_WARN_DEPRECATED_OBJC_IMPLEMENTATIONS = YES;
				CLANG_WARN_DIRECT_OBJC_ISA_USAGE = YES_ERROR;
				CLANG_WARN_DOCUMENTATION_COMMENTS = YES;
				CLANG_WARN_EMPTY_BODY = YES;
				CLANG_WARN_ENUM_CONVERSION = YES;
				CLANG_WARN_INFINITE_RECURSION = YES;
				CLANG_WARN_INT_CONVERSION = YES;
				CLANG_WARN_NON_LITERAL_NULL_CONVERSION = YES;
				CLANG_WARN_OBJC_IMPLICIT_RETAIN_SELF = YES;
				CLANG_WARN_OBJC_LITERAL_CONVERSION = YES;
				CLANG_WARN_OBJC_ROOT_CLASS = YES_ERROR;
				CLANG_WARN_QUOTED_INCLUDE_IN_FRAMEWORK_HEADER = YES;
				CLANG_WARN_RANGE_LOOP_ANALYSIS = YES;
				CLANG_WARN_STRICT_PROTOTYPES = YES;
				CLANG_WARN_SUSPICIOUS_MOVE = YES;
				CLANG_WARN_UNGUARDED_AVAILABILITY = YES_AGGRESSIVE;
				CLANG_WARN_UNREACHABLE_CODE = YES;
				CLANG_WARN__DUPLICATE_METHOD_MATCH = YES;
				COPY_PHASE_STRIP = NO;
				DEBUG_INFORMATION_FORMAT = "dwarf-with-dsym";
				ENABLE_NS_ASSERTIONS = NO;
				ENABLE_STRICT_OBJC_MSGSEND = YES;
				GCC_C_LANGUAGE_STANDARD = gnu11;
				GCC_NO_COMMON_BLOCKS = YES;
				GCC_WARN_64_TO_32_BIT_CONVERSION = YES;
				GCC_WARN_ABOUT_RETURN_TYPE = YES_ERROR;
				GCC_WARN_UNDECLARED_SELECTOR = YES;
				GCC_WARN_UNINITIALIZED_AUTOS = YES_AGGRESSIVE;
				GCC_WARN_UNUSED_FUNCTION = YES;
				GCC_WARN_UNUSED_VARIABLE = YES;
				IPHONEOS_DEPLOYMENT_TARGET = 12.0;
				MTL_ENABLE_DEBUG_INFO = NO;
				MTL_FAST_MATH = YES;
				SDKROOT = iphoneos;
				SWIFT_COMPILATION_MODE = wholemodule;
				SWIFT_OPTIMIZATION_LEVEL = "-O";
				VALIDATE_PRODUCT = YES;
			};
			name = Release;
		};
		B65B3E1A273FFA310060CF4A /* Debug */ = {
			isa = XCBuildConfiguration;
			buildSettings = {
				ALWAYS_EMBED_SWIFT_STANDARD_LIBRARIES = YES;
				ASSETCATALOG_COMPILER_APPICON_NAME = AppIcon;
				ASSETCATALOG_COMPILER_GLOBAL_ACCENT_COLOR_NAME = AccentColor;
				CODE_SIGN_STYLE = Automatic;
				CURRENT_PROJECT_VERSION = 1;
				DEVELOPMENT_TEAM = B8PR34D6DP;
				EXCLUDED_ARCHS = arm64;
				FRAMEWORK_SEARCH_PATHS = "$(inherited)";
				GENERATE_INFOPLIST_FILE = YES;
				INFOPLIST_FILE = Crypto/Info.plist;
				INFOPLIST_KEY_UIApplicationSupportsIndirectInputEvents = YES;
				INFOPLIST_KEY_UILaunchStoryboardName = LaunchScreen;
				INFOPLIST_KEY_UIMainStoryboardFile = Main;
				INFOPLIST_KEY_UISupportedInterfaceOrientations_iPad = "UIInterfaceOrientationPortrait UIInterfaceOrientationPortraitUpsideDown UIInterfaceOrientationLandscapeLeft UIInterfaceOrientationLandscapeRight";
				INFOPLIST_KEY_UISupportedInterfaceOrientations_iPhone = "UIInterfaceOrientationPortrait UIInterfaceOrientationLandscapeLeft UIInterfaceOrientationLandscapeRight";
				LD_RUNPATH_SEARCH_PATHS = (
					"$(inherited)",
					"@executable_path/Frameworks",
				);
				MARKETING_VERSION = 1.0;
				PRODUCT_BUNDLE_IDENTIFIER = jp.yuoku.Crypto;
				PRODUCT_NAME = "$(TARGET_NAME)";
				SWIFT_EMIT_LOC_STRINGS = YES;
				SWIFT_VERSION = 5.0;
				TARGETED_DEVICE_FAMILY = "1,2";
				VALIDATE_WORKSPACE = NO;
			};
			name = Debug;
		};
		B65B3E1B273FFA310060CF4A /* Release */ = {
			isa = XCBuildConfiguration;
			buildSettings = {
				ALWAYS_EMBED_SWIFT_STANDARD_LIBRARIES = YES;
				ASSETCATALOG_COMPILER_APPICON_NAME = AppIcon;
				ASSETCATALOG_COMPILER_GLOBAL_ACCENT_COLOR_NAME = AccentColor;
				CODE_SIGN_STYLE = Automatic;
				CURRENT_PROJECT_VERSION = 1;
				DEVELOPMENT_TEAM = B8PR34D6DP;
				EXCLUDED_ARCHS = arm64;
				FRAMEWORK_SEARCH_PATHS = "$(inherited)";
				GENERATE_INFOPLIST_FILE = YES;
				INFOPLIST_FILE = Crypto/Info.plist;
				INFOPLIST_KEY_UIApplicationSupportsIndirectInputEvents = YES;
				INFOPLIST_KEY_UILaunchStoryboardName = LaunchScreen;
				INFOPLIST_KEY_UIMainStoryboardFile = Main;
				INFOPLIST_KEY_UISupportedInterfaceOrientations_iPad = "UIInterfaceOrientationPortrait UIInterfaceOrientationPortraitUpsideDown UIInterfaceOrientationLandscapeLeft UIInterfaceOrientationLandscapeRight";
				INFOPLIST_KEY_UISupportedInterfaceOrientations_iPhone = "UIInterfaceOrientationPortrait UIInterfaceOrientationLandscapeLeft UIInterfaceOrientationLandscapeRight";
				LD_RUNPATH_SEARCH_PATHS = (
					"$(inherited)",
					"@executable_path/Frameworks",
				);
				MARKETING_VERSION = 1.0;
				PRODUCT_BUNDLE_IDENTIFIER = jp.yuoku.Crypto;
				PRODUCT_NAME = "$(TARGET_NAME)";
				SWIFT_EMIT_LOC_STRINGS = YES;
				SWIFT_VERSION = 5.0;
				TARGETED_DEVICE_FAMILY = "1,2";
				VALIDATE_WORKSPACE = NO;
			};
			name = Release;
		};
		B65B3E1D273FFA310060CF4A /* Debug */ = {
			isa = XCBuildConfiguration;
			buildSettings = {
				ALWAYS_EMBED_SWIFT_STANDARD_LIBRARIES = YES;
				BUNDLE_LOADER = "$(TEST_HOST)";
				CODE_SIGN_STYLE = Automatic;
				CURRENT_PROJECT_VERSION = 1;
				DEVELOPMENT_TEAM = B8PR34D6DP;
				GENERATE_INFOPLIST_FILE = YES;
				IPHONEOS_DEPLOYMENT_TARGET = 15.0;
				LD_RUNPATH_SEARCH_PATHS = (
					"$(inherited)",
					"@executable_path/Frameworks",
					"@loader_path/Frameworks",
				);
				MARKETING_VERSION = 1.0;
				PRODUCT_BUNDLE_IDENTIFIER = jp.yuoku.CryptoTests;
				PRODUCT_NAME = "$(TARGET_NAME)";
				SWIFT_EMIT_LOC_STRINGS = NO;
				SWIFT_VERSION = 5.0;
				TARGETED_DEVICE_FAMILY = "1,2";
				TEST_HOST = "$(BUILT_PRODUCTS_DIR)/Crypto.app/Crypto";
			};
			name = Debug;
		};
		B65B3E1E273FFA310060CF4A /* Release */ = {
			isa = XCBuildConfiguration;
			buildSettings = {
				ALWAYS_EMBED_SWIFT_STANDARD_LIBRARIES = YES;
				BUNDLE_LOADER = "$(TEST_HOST)";
				CODE_SIGN_STYLE = Automatic;
				CURRENT_PROJECT_VERSION = 1;
				DEVELOPMENT_TEAM = B8PR34D6DP;
				GENERATE_INFOPLIST_FILE = YES;
				IPHONEOS_DEPLOYMENT_TARGET = 15.0;
				LD_RUNPATH_SEARCH_PATHS = (
					"$(inherited)",
					"@executable_path/Frameworks",
					"@loader_path/Frameworks",
				);
				MARKETING_VERSION = 1.0;
				PRODUCT_BUNDLE_IDENTIFIER = jp.yuoku.CryptoTests;
				PRODUCT_NAME = "$(TARGET_NAME)";
				SWIFT_EMIT_LOC_STRINGS = NO;
				SWIFT_VERSION = 5.0;
				TARGETED_DEVICE_FAMILY = "1,2";
				TEST_HOST = "$(BUILT_PRODUCTS_DIR)/Crypto.app/Crypto";
			};
			name = Release;
		};
		B65B3E20273FFA310060CF4A /* Debug */ = {
			isa = XCBuildConfiguration;
			buildSettings = {
				ALWAYS_EMBED_SWIFT_STANDARD_LIBRARIES = YES;
				CODE_SIGN_STYLE = Automatic;
				CURRENT_PROJECT_VERSION = 1;
				DEVELOPMENT_TEAM = B8PR34D6DP;
				GENERATE_INFOPLIST_FILE = YES;
				LD_RUNPATH_SEARCH_PATHS = (
					"$(inherited)",
					"@executable_path/Frameworks",
					"@loader_path/Frameworks",
				);
				MARKETING_VERSION = 1.0;
				PRODUCT_BUNDLE_IDENTIFIER = jp.yuoku.CryptoUITests;
				PRODUCT_NAME = "$(TARGET_NAME)";
				SWIFT_EMIT_LOC_STRINGS = NO;
				SWIFT_VERSION = 5.0;
				TARGETED_DEVICE_FAMILY = "1,2";
				TEST_TARGET_NAME = Crypto;
			};
			name = Debug;
		};
		B65B3E21273FFA310060CF4A /* Release */ = {
			isa = XCBuildConfiguration;
			buildSettings = {
				ALWAYS_EMBED_SWIFT_STANDARD_LIBRARIES = YES;
				CODE_SIGN_STYLE = Automatic;
				CURRENT_PROJECT_VERSION = 1;
				DEVELOPMENT_TEAM = B8PR34D6DP;
				GENERATE_INFOPLIST_FILE = YES;
				LD_RUNPATH_SEARCH_PATHS = (
					"$(inherited)",
					"@executable_path/Frameworks",
					"@loader_path/Frameworks",
				);
				MARKETING_VERSION = 1.0;
				PRODUCT_BUNDLE_IDENTIFIER = jp.yuoku.CryptoUITests;
				PRODUCT_NAME = "$(TARGET_NAME)";
				SWIFT_EMIT_LOC_STRINGS = NO;
				SWIFT_VERSION = 5.0;
				TARGETED_DEVICE_FAMILY = "1,2";
				TEST_TARGET_NAME = Crypto;
			};
			name = Release;
		};
		B65B3E8E27401EB70060CF4A /* Debug */ = {
			isa = XCBuildConfiguration;
			buildSettings = {
				CLANG_ENABLE_MODULES = YES;
				CODE_SIGN_STYLE = Automatic;
				CURRENT_PROJECT_VERSION = 1;
				DEFINES_MODULE = YES;
				DEVELOPMENT_TEAM = B8PR34D6DP;
				DYLIB_COMPATIBILITY_VERSION = 1;
				DYLIB_CURRENT_VERSION = 1;
				DYLIB_INSTALL_NAME_BASE = "@rpath";
				EXCLUDED_ARCHS = arm64;
				FRAMEWORK_SEARCH_PATHS = "$(inherited)";
				GENERATE_INFOPLIST_FILE = YES;
				INFOPLIST_KEY_NSHumanReadableCopyright = "";
				INSTALL_PATH = "$(LOCAL_LIBRARY_DIR)/Frameworks";
				IPHONEOS_DEPLOYMENT_TARGET = 12.0;
				LD_RUNPATH_SEARCH_PATHS = (
					"$(inherited)",
					"@executable_path/Frameworks",
					"@loader_path/Frameworks",
				);
				MARKETING_VERSION = 1.0;
				PRODUCT_BUNDLE_IDENTIFIER = jp.yuoku.DataSource;
				PRODUCT_NAME = "$(TARGET_NAME:c99extidentifier)";
				SKIP_INSTALL = YES;
				SWIFT_EMIT_LOC_STRINGS = YES;
				SWIFT_OPTIMIZATION_LEVEL = "-Onone";
				SWIFT_VERSION = 5.0;
				TARGETED_DEVICE_FAMILY = "1,2";
				VALIDATE_WORKSPACE = NO;
				VERSIONING_SYSTEM = "apple-generic";
				VERSION_INFO_PREFIX = "";
			};
			name = Debug;
		};
		B65B3E8F27401EB70060CF4A /* Release */ = {
			isa = XCBuildConfiguration;
			buildSettings = {
				CLANG_ENABLE_MODULES = YES;
				CODE_SIGN_STYLE = Automatic;
				CURRENT_PROJECT_VERSION = 1;
				DEFINES_MODULE = YES;
				DEVELOPMENT_TEAM = B8PR34D6DP;
				DYLIB_COMPATIBILITY_VERSION = 1;
				DYLIB_CURRENT_VERSION = 1;
				DYLIB_INSTALL_NAME_BASE = "@rpath";
				EXCLUDED_ARCHS = arm64;
				FRAMEWORK_SEARCH_PATHS = "$(inherited)";
				GENERATE_INFOPLIST_FILE = YES;
				INFOPLIST_KEY_NSHumanReadableCopyright = "";
				INSTALL_PATH = "$(LOCAL_LIBRARY_DIR)/Frameworks";
				IPHONEOS_DEPLOYMENT_TARGET = 12.0;
				LD_RUNPATH_SEARCH_PATHS = (
					"$(inherited)",
					"@executable_path/Frameworks",
					"@loader_path/Frameworks",
				);
				MARKETING_VERSION = 1.0;
				PRODUCT_BUNDLE_IDENTIFIER = jp.yuoku.DataSource;
				PRODUCT_NAME = "$(TARGET_NAME:c99extidentifier)";
				SKIP_INSTALL = YES;
				SWIFT_EMIT_LOC_STRINGS = YES;
				SWIFT_VERSION = 5.0;
				TARGETED_DEVICE_FAMILY = "1,2";
				VALIDATE_WORKSPACE = NO;
				VERSIONING_SYSTEM = "apple-generic";
				VERSION_INFO_PREFIX = "";
			};
			name = Release;
		};
		B65B3E9127401EB70060CF4A /* Debug */ = {
			isa = XCBuildConfiguration;
			buildSettings = {
				ALWAYS_EMBED_SWIFT_STANDARD_LIBRARIES = YES;
				CODE_SIGN_STYLE = Automatic;
				CURRENT_PROJECT_VERSION = 1;
				DEVELOPMENT_TEAM = B8PR34D6DP;
				GENERATE_INFOPLIST_FILE = YES;
				IPHONEOS_DEPLOYMENT_TARGET = 15.0;
				LD_RUNPATH_SEARCH_PATHS = (
					"$(inherited)",
					"@executable_path/Frameworks",
					"@loader_path/Frameworks",
				);
				MARKETING_VERSION = 1.0;
				PRODUCT_BUNDLE_IDENTIFIER = jp.yuoku.DataSourceTests;
				PRODUCT_NAME = "$(TARGET_NAME)";
				SWIFT_EMIT_LOC_STRINGS = NO;
				SWIFT_VERSION = 5.0;
				TARGETED_DEVICE_FAMILY = "1,2";
			};
			name = Debug;
		};
		B65B3E9227401EB70060CF4A /* Release */ = {
			isa = XCBuildConfiguration;
			buildSettings = {
				ALWAYS_EMBED_SWIFT_STANDARD_LIBRARIES = YES;
				CODE_SIGN_STYLE = Automatic;
				CURRENT_PROJECT_VERSION = 1;
				DEVELOPMENT_TEAM = B8PR34D6DP;
				GENERATE_INFOPLIST_FILE = YES;
				IPHONEOS_DEPLOYMENT_TARGET = 15.0;
				LD_RUNPATH_SEARCH_PATHS = (
					"$(inherited)",
					"@executable_path/Frameworks",
					"@loader_path/Frameworks",
				);
				MARKETING_VERSION = 1.0;
				PRODUCT_BUNDLE_IDENTIFIER = jp.yuoku.DataSourceTests;
				PRODUCT_NAME = "$(TARGET_NAME)";
				SWIFT_EMIT_LOC_STRINGS = NO;
				SWIFT_VERSION = 5.0;
				TARGETED_DEVICE_FAMILY = "1,2";
			};
			name = Release;
		};
/* End XCBuildConfiguration section */

/* Begin XCConfigurationList section */
		B65B3DEA273FFA300060CF4A /* Build configuration list for PBXProject "Crypto" */ = {
			isa = XCConfigurationList;
			buildConfigurations = (
				B65B3E17273FFA310060CF4A /* Debug */,
				B65B3E18273FFA310060CF4A /* Release */,
			);
			defaultConfigurationIsVisible = 0;
			defaultConfigurationName = Release;
		};
		B65B3E19273FFA310060CF4A /* Build configuration list for PBXNativeTarget "Crypto" */ = {
			isa = XCConfigurationList;
			buildConfigurations = (
				B65B3E1A273FFA310060CF4A /* Debug */,
				B65B3E1B273FFA310060CF4A /* Release */,
			);
			defaultConfigurationIsVisible = 0;
			defaultConfigurationName = Release;
		};
		B65B3E1C273FFA310060CF4A /* Build configuration list for PBXNativeTarget "CryptoTests" */ = {
			isa = XCConfigurationList;
			buildConfigurations = (
				B65B3E1D273FFA310060CF4A /* Debug */,
				B65B3E1E273FFA310060CF4A /* Release */,
			);
			defaultConfigurationIsVisible = 0;
			defaultConfigurationName = Release;
		};
		B65B3E1F273FFA310060CF4A /* Build configuration list for PBXNativeTarget "CryptoUITests" */ = {
			isa = XCConfigurationList;
			buildConfigurations = (
				B65B3E20273FFA310060CF4A /* Debug */,
				B65B3E21273FFA310060CF4A /* Release */,
			);
			defaultConfigurationIsVisible = 0;
			defaultConfigurationName = Release;
		};
		B65B3E8D27401EB70060CF4A /* Build configuration list for PBXNativeTarget "DataSource" */ = {
			isa = XCConfigurationList;
			buildConfigurations = (
				B65B3E8E27401EB70060CF4A /* Debug */,
				B65B3E8F27401EB70060CF4A /* Release */,
			);
			defaultConfigurationIsVisible = 0;
			defaultConfigurationName = Release;
		};
		B65B3E9027401EB70060CF4A /* Build configuration list for PBXNativeTarget "DataSourceTests" */ = {
			isa = XCConfigurationList;
			buildConfigurations = (
				B65B3E9127401EB70060CF4A /* Debug */,
				B65B3E9227401EB70060CF4A /* Release */,
			);
			defaultConfigurationIsVisible = 0;
			defaultConfigurationName = Release;
		};
/* End XCConfigurationList section */
	};
	rootObject = B65B3DE7273FFA300060CF4A /* Project object */;
}
